{
    "name": "leetcode_solutions",
    "version": "0.0.1",
    "lockfileVersion": 3,
    "requires": true,
    "packages": {
        "": {
            "name": "leetcode_solutions",
            "version": "0.0.1",
            "license": "MIT",
            "dependencies": {
                "@datastructures-js/heap": "4.3.7",
                "@datastructures-js/trie": "4.2.3"
            },
            "devDependencies": {
                "@types/node": "^17.0.21",
                "typescript": "^5.9.3"
            },
            "engines": {
                "node": ">=12.21.0"
            }
        },
        "node_modules/@datastructures-js/heap": {
            "version": "4.3.7",
            "resolved": "https://registry.npmjs.org/@datastructures-js/heap/-/heap-4.3.7.tgz",
            "integrity": "sha512-Dx4un7Uj0dVxkfoq4RkpzsY2OrvNJgQYZ3n3UlGdl88RxxdHd7oTi21/l3zoxUUe0sXFuNUrfmWqlHzqnoN6Ug==",
            "license": "MIT"
        },
        "node_modules/@datastructures-js/trie": {
            "version": "4.2.3",
            "resolved": "https://registry.npmjs.org/@datastructures-js/trie/-/trie-4.2.3.tgz",
            "integrity": "sha512-4Iu2okR18BE3d/KQBKnpGZ+98cv/EwYl7wSwOU4yICxjSJfjUJixugBjh3kPhHe9Qf652qVDN/Ugp2dj4ak68w==",
            "license": "MIT"
        },
        "node_modules/@types/node": {
            "version": "17.0.45",
            "resolved": "https://registry.npmjs.org/@types/node/-/node-17.0.45.tgz",
            "integrity": "sha512-w+tIMs3rq2afQdsPJlODhoUEKzFP1ayaoyl1CcnwtIlsVe7K7bA1NGm4s3PraqTLlXnbIN84zuBlxBWo1u9BLw==",
            "dev": true,
            "license": "MIT"
        },
        "node_modules/typescript": {
            "version": "5.9.3",
            "resolved": "https://registry.npmjs.org/typescript/-/typescript-5.9.3.tgz",
            "integrity": "sha512-jl1vZzPDinLr9eUt3J/t7V6FgNEw9QjvBPdysz9KfQDD41fQrC2Y4vKQdiaUpFT4bXlb1RHhLpp8wtm6M5TgSw==",
            "dev": true,
            "license": "Apache-2.0",
            "bin": {
                "tsc": "bin/tsc",
                "tsserver": "bin/tsserver"
            },
            "engines": {
                "node": ">=14.17"
            }
        }
    }
}
